
Microsoft Visual Studio Solution File, Format Version 12.00
# Visual Studio Version 16
VisualStudioVersion = 16.0.30717.126
MinimumVisualStudioVersion = 10.0.40219.1
Project("{FAE04EC0-301F-11D3-BF4B-00C04F79EFBC}") = "Mini-Projet", "Mini-Projet.csproj", "{7D9F4EAF-7F4B-495E-8275-68F03048515B}"
EndProject
Project("{FAE04EC0-301F-11D3-BF4B-00C04F79EFBC}") = "ClassLibraryEntitesMiniProjet", "..\ClassLibraryEntitesMiniProjet\ClassLibraryEntitesMiniProjet.csproj", "{A5460646-6941-4404-AD9F-CC1DF1A8F031}"
EndProject
Global
	GlobalSection(SolutionConfigurationPlatforms) = preSolution
		Debug|Any CPU = Debug|Any CPU
		Release|Any CPU = Release|Any CPU
	EndGlobalSection
	GlobalSection(ProjectConfigurationPlatforms) = postSolution
		{7D9F4EAF-7F4B-495E-8275-68F03048515B}.Debug|Any CPU.ActiveCfg = Debug|Any CPU
		{7D9F4EAF-7F4B-495E-8275-68F03048515B}.Debug|Any CPU.Build.0 = Debug|Any CPU
		{7D9F4EAF-7F4B-495E-8275-68F03048515B}.Release|Any CPU.ActiveCfg = Release|Any CPU
		{7D9F4EAF-7F4B-495E-8275-68F03048515B}.Release|Any CPU.Build.0 = Release|Any CPU
		{A5460646-6941-4404-AD9F-CC1DF1A8F031}.Debug|Any CPU.ActiveCfg = Debug|Any CPU
		{A5460646-6941-4404-AD9F-CC1DF1A8F031}.Debug|Any CPU.Build.0 = Debug|Any CPU
		{A5460646-6941-4404-AD9F-CC1DF1A8F031}.Release|Any CPU.ActiveCfg = Release|Any CPU
		{A5460646-6941-4404-AD9F-CC1DF1A8F031}.Release|Any CPU.Build.0 = Release|Any CPU
	EndGlobalSection
	GlobalSection(SolutionProperties) = preSolution
		HideSolutionNode = FALSE
	EndGlobalSection
	GlobalSection(ExtensibilityGlobals) = postSolution
		SolutionGuid = {E3E7327C-84CF-4ABC-B895-69F9FE311B83}
	EndGlobalSection
EndGlobal
